
Microsoft Visual Studio Solution File, Format Version 12.00
# Visual Studio Version 17
VisualStudioVersion = 17.1.32210.238
MinimumVisualStudioVersion = 10.0.40219.1
Project("{FAE04EC0-301F-11D3-BF4B-00C04F79EFBC}") = "Modul 7_1302204050", "Modul 7_1302204050.csproj", "{A531B006-FA11-4143-931B-0D68325E7A84}"
EndProject
Global
	GlobalSection(SolutionConfigurationPlatforms) = preSolution
		Debug|Any CPU = Debug|Any CPU
		Release|Any CPU = Release|Any CPU
	EndGlobalSection
	GlobalSection(ProjectConfigurationPlatforms) = postSolution
		{A531B006-FA11-4143-931B-0D68325E7A84}.Debug|Any CPU.ActiveCfg = Debug|Any CPU
		{A531B006-FA11-4143-931B-0D68325E7A84}.Debug|Any CPU.Build.0 = Debug|Any CPU
		{A531B006-FA11-4143-931B-0D68325E7A84}.Release|Any CPU.ActiveCfg = Release|Any CPU
		{A531B006-FA11-4143-931B-0D68325E7A84}.Release|Any CPU.Build.0 = Release|Any CPU
	EndGlobalSection
	GlobalSection(SolutionProperties) = preSolution
		HideSolutionNode = FALSE
	EndGlobalSection
	GlobalSection(ExtensibilityGlobals) = postSolution
		SolutionGuid = {4FD4A28C-FE1F-4A29-9D24-FD4128CFEE26}
	EndGlobalSection
EndGlobal
